{
  "name": "jencrypt",
  "version": "1.0.0",
  "lockfileVersion": 1,
  "requires": true,
  "dependencies": {
    "console-colors-node": {
      "version": "1.0.1",
      "resolved": "https://registry.npmjs.org/console-colors-node/-/console-colors-node-1.0.1.tgz",
      "integrity": "sha1-/Ivl55/hZmJjkhxBn6BwKCWgZTU=",
      "dev": true
    }
  }
}
